{
  "name": "app",
  "version": "0.1.0",
  "lockfileVersion": 1,
  "requires": true,
  "dependencies": {
    "axios": {
      "version": "0.21.4",
      "resolved": "https://registry.npmjs.org/axios/-/axios-0.21.4.tgz",
      "integrity": "sha512-ut5vewkiu8jjGBdqpM44XxjuCjq9LAKeHVmoVfHVzy8eV6haWLvFsmY59kOaZlEapQMtK+bTfw2Xpath7w1mqVQ==",
      "requires": {
        "follow-redirects": "^1.14.0"
      }
    },
    "follow-redirects": {
      "version": "1.14.9",
      "resolved": "https://registry.npmjs.org/follow-redirects/-/follow-redirects-1.14.9.tgz",
      "integrity": "sha512-MQQvEheC7t7Rn0W6VoHXt3t1wS3wHSnzm+wNozSJRtgg1VbGQaXHc0I5a6zdWcb+IqJC36+IhKjwjCIkuaSQ8w=="
    },
    "json5": {
      "version": "2.2.3",
      "resolved": "https://registry.npmjs.org/json5/-/json5-2.2.3.tgz",
      "integrity": "sha512-XmOWe7eyHapXNQZ00UNLnxGobjbAEkcqq61ZH46nRWGselqVo4u+to/2aIfS4/B6CwZiowSH+xYo94jEDYKSqQ=="
    },
    "minimist": {
      "version": "1.2.8",
      "resolved": "https://registry.npmjs.org/minimist/-/minimist-1.2.8.tgz",
      "integrity": "sha512-2yyAR8qBkN3YauySF37nyxyLf2+FS/fC9bM71AJnY7mZXo1dblT2hNGBu6v9FeXbkZAk7ChHemsuHovsUmXc8w=="
    }
  }
}